lockfileVersion: '9.0'

settings:
  autoInstallPeers: true
  excludeLinksFromLockfile: false

importers:

  .:
    dependencies:
      recoil:
        specifier: ^0.7.7
        version: 0.7.7(react@19.0.0)

packages:

  hamt_plus@1.0.2:
    resolution: {integrity: sha512-t2JXKaehnMb9paaYA7J0BX8QQAY8lwfQ9Gjf4pg/mk4krt+cmwmU652HOoWonf+7+EQV97ARPMhhVgU1ra2GhA==}

  react@19.0.0:
    resolution: {integrity: sha512-V8AVnmPIICiWpGfm6GLzCR/W5FXLchHop40W4nXBmdlEceh16rCN8O8LNWm5bh5XUX91fh7KpA+W0TgMKmgTpQ==}
    engines: {node: '>=0.10.0'}

  recoil@0.7.7:
    resolution: {integrity: sha512-8Og5KPQW9LwC577Vc7Ug2P0vQshkv1y3zG3tSSkWMqkWSwHmE+by06L8JtnGocjW6gcCvfwB3YtrJG6/tWivNQ==}
    peerDependencies:
      react: '>=16.13.1'
      react-dom: '*'
      react-native: '*'
    peerDependenciesMeta:
      react-dom:
        optional: true
      react-native:
        optional: true

snapshots:

  hamt_plus@1.0.2: {}

  react@19.0.0: {}

  recoil@0.7.7(react@19.0.0):
    dependencies:
      hamt_plus: 1.0.2
      react: 19.0.0
